
Microsoft Visual Studio Solution File, Format Version 12.00
# Visual Studio Version 17
VisualStudioVersion = 17.0.32014.148
MinimumVisualStudioVersion = 10.0.40219.1
Project("{FAE04EC0-301F-11D3-BF4B-00C04F79EFBC}") = "LiftAlgorithm", "LiftAlgorithm\LiftAlgorithm.csproj", "{3D78F522-CFFC-47C7-8C95-BAAE970F9993}"
EndProject
Global
	GlobalSection(SolutionConfigurationPlatforms) = preSolution
		Debug|Any CPU = Debug|Any CPU
		Release|Any CPU = Release|Any CPU
	EndGlobalSection
	GlobalSection(ProjectConfigurationPlatforms) = postSolution
		{3D78F522-CFFC-47C7-8C95-BAAE970F9993}.Debug|Any CPU.ActiveCfg = Debug|Any CPU
		{3D78F522-CFFC-47C7-8C95-BAAE970F9993}.Debug|Any CPU.Build.0 = Debug|Any CPU
		{3D78F522-CFFC-47C7-8C95-BAAE970F9993}.Release|Any CPU.ActiveCfg = Release|Any CPU
		{3D78F522-CFFC-47C7-8C95-BAAE970F9993}.Release|Any CPU.Build.0 = Release|Any CPU
	EndGlobalSection
	GlobalSection(SolutionProperties) = preSolution
		HideSolutionNode = FALSE
	EndGlobalSection
	GlobalSection(ExtensibilityGlobals) = postSolution
		SolutionGuid = {E7409AA5-1D95-4DFC-9CBC-B0495CBEC738}
	EndGlobalSection
EndGlobal
